
Microsoft Visual Studio Solution File, Format Version 12.00
# Visual Studio Version 17
VisualStudioVersion = 17.4.33213.308
MinimumVisualStudioVersion = 10.0.40219.1
Project("{FAE04EC0-301F-11D3-BF4B-00C04F79EFBC}") = "Cars", "Cars\Cars.csproj", "{E224B02E-207C-4022-AB53-8FE09E47262D}"
EndProject
Global
	GlobalSection(SolutionConfigurationPlatforms) = preSolution
		Debug|Any CPU = Debug|Any CPU
		Release|Any CPU = Release|Any CPU
	EndGlobalSection
	GlobalSection(ProjectConfigurationPlatforms) = postSolution
		{E224B02E-207C-4022-AB53-8FE09E47262D}.Debug|Any CPU.ActiveCfg = Debug|Any CPU
		{E224B02E-207C-4022-AB53-8FE09E47262D}.Debug|Any CPU.Build.0 = Debug|Any CPU
		{E224B02E-207C-4022-AB53-8FE09E47262D}.Release|Any CPU.ActiveCfg = Release|Any CPU
		{E224B02E-207C-4022-AB53-8FE09E47262D}.Release|Any CPU.Build.0 = Release|Any CPU
	EndGlobalSection
	GlobalSection(SolutionProperties) = preSolution
		HideSolutionNode = FALSE
	EndGlobalSection
	GlobalSection(ExtensibilityGlobals) = postSolution
		SolutionGuid = {39B05B36-CD50-4598-A2A9-E988066881B2}
	EndGlobalSection
EndGlobal
